
Microsoft Visual Studio Solution File, Format Version 12.00
# Visual Studio Version 16
VisualStudioVersion = 16.0.32510.428
MinimumVisualStudioVersion = 10.0.40219.1
Project("{FAE04EC0-301F-11D3-BF4B-00C04F79EFBC}") = "EFDemoApp", "EFDemoApp\EFDemoApp.csproj", "{5957928D-D7D9-4708-92FD-F503AABAB4A9}"
EndProject
Project("{FAE04EC0-301F-11D3-BF4B-00C04F79EFBC}") = "EFDataAccessLibrary", "EFDataAccessLibrary\EFDataAccessLibrary.csproj", "{C7882AC9-325D-46A2-B30D-2BD429022E41}"
EndProject
Global
	GlobalSection(SolutionConfigurationPlatforms) = preSolution
		Debug|Any CPU = Debug|Any CPU
		Release|Any CPU = Release|Any CPU
	EndGlobalSection
	GlobalSection(ProjectConfigurationPlatforms) = postSolution
		{5957928D-D7D9-4708-92FD-F503AABAB4A9}.Debug|Any CPU.ActiveCfg = Debug|Any CPU
		{5957928D-D7D9-4708-92FD-F503AABAB4A9}.Debug|Any CPU.Build.0 = Debug|Any CPU
		{5957928D-D7D9-4708-92FD-F503AABAB4A9}.Release|Any CPU.ActiveCfg = Release|Any CPU
		{5957928D-D7D9-4708-92FD-F503AABAB4A9}.Release|Any CPU.Build.0 = Release|Any CPU
		{C7882AC9-325D-46A2-B30D-2BD429022E41}.Debug|Any CPU.ActiveCfg = Debug|Any CPU
		{C7882AC9-325D-46A2-B30D-2BD429022E41}.Debug|Any CPU.Build.0 = Debug|Any CPU
		{C7882AC9-325D-46A2-B30D-2BD429022E41}.Release|Any CPU.ActiveCfg = Release|Any CPU
		{C7882AC9-325D-46A2-B30D-2BD429022E41}.Release|Any CPU.Build.0 = Release|Any CPU
	EndGlobalSection
	GlobalSection(SolutionProperties) = preSolution
		HideSolutionNode = FALSE
	EndGlobalSection
	GlobalSection(ExtensibilityGlobals) = postSolution
		SolutionGuid = {069E02C6-98B0-4B4B-8AD1-5E99256BD6A8}
	EndGlobalSection
EndGlobal
